
Microsoft Visual Studio Solution File, Format Version 12.00
# Visual Studio Version 17
VisualStudioVersion = 17.1.32210.238
MinimumVisualStudioVersion = 10.0.40219.1
Project("{FAE04EC0-301F-11D3-BF4B-00C04F79EFBC}") = "WebsiteBanHang", "WebsiteBanHang\WebsiteBanHang.csproj", "{F6EBEF00-CFF7-49DE-BABA-FC5EB7F4FDC7}"
EndProject
Global
	GlobalSection(SolutionConfigurationPlatforms) = preSolution
		Debug|Any CPU = Debug|Any CPU
		Release|Any CPU = Release|Any CPU
	EndGlobalSection
	GlobalSection(ProjectConfigurationPlatforms) = postSolution
		{F6EBEF00-CFF7-49DE-BABA-FC5EB7F4FDC7}.Debug|Any CPU.ActiveCfg = Debug|Any CPU
		{F6EBEF00-CFF7-49DE-BABA-FC5EB7F4FDC7}.Debug|Any CPU.Build.0 = Debug|Any CPU
		{F6EBEF00-CFF7-49DE-BABA-FC5EB7F4FDC7}.Release|Any CPU.ActiveCfg = Release|Any CPU
		{F6EBEF00-CFF7-49DE-BABA-FC5EB7F4FDC7}.Release|Any CPU.Build.0 = Release|Any CPU
	EndGlobalSection
	GlobalSection(SolutionProperties) = preSolution
		HideSolutionNode = FALSE
	EndGlobalSection
	GlobalSection(ExtensibilityGlobals) = postSolution
		SolutionGuid = {60ADEC04-610F-4D77-B64E-DA2795D32B68}
	EndGlobalSection
EndGlobal
